
Microsoft Visual Studio Solution File, Format Version 12.00
# Visual Studio Version 17
VisualStudioVersion = 17.9.34723.18
MinimumVisualStudioVersion = 10.0.40219.1
Project("{FAE04EC0-301F-11D3-BF4B-00C04F79EFBC}") = "chat_app_server", "chat_app_server\chat_app_server.csproj", "{7561E9A4-298A-4AD7-825F-0616F3FE42BB}"
EndProject
Global
	GlobalSection(SolutionConfigurationPlatforms) = preSolution
		Debug|Any CPU = Debug|Any CPU
		Release|Any CPU = Release|Any CPU
	EndGlobalSection
	GlobalSection(ProjectConfigurationPlatforms) = postSolution
		{7561E9A4-298A-4AD7-825F-0616F3FE42BB}.Debug|Any CPU.ActiveCfg = Debug|Any CPU
		{7561E9A4-298A-4AD7-825F-0616F3FE42BB}.Debug|Any CPU.Build.0 = Debug|Any CPU
		{7561E9A4-298A-4AD7-825F-0616F3FE42BB}.Release|Any CPU.ActiveCfg = Release|Any CPU
		{7561E9A4-298A-4AD7-825F-0616F3FE42BB}.Release|Any CPU.Build.0 = Release|Any CPU
	EndGlobalSection
	GlobalSection(SolutionProperties) = preSolution
		HideSolutionNode = FALSE
	EndGlobalSection
	GlobalSection(ExtensibilityGlobals) = postSolution
		SolutionGuid = {31C3A56C-DAD5-4609-9F7A-37D32B91477D}
	EndGlobalSection
EndGlobal
